
Microsoft Visual Studio Solution File, Format Version 12.00
# Visual Studio Version 17
VisualStudioVersion = 17.9.34714.143
MinimumVisualStudioVersion = 10.0.40219.1
Project("{9A19103F-16F7-4668-BE54-9A1E7A4F7556}") = "TiposBasicos", "TiposBasicos\TiposBasicos.csproj", "{B830BC43-B14A-481E-A8AF-888247C45FB0}"
EndProject
Project("{9A19103F-16F7-4668-BE54-9A1E7A4F7556}") = "SaidaDeDados", "SaidaDeDados\SaidaDeDados.csproj", "{BDBF8820-9E63-4EC9-BE0C-9469376B2F1D}"
EndProject
Project("{9A19103F-16F7-4668-BE54-9A1E7A4F7556}") = "OperadoresAtribuicao", "OperadoresAtribuicao\OperadoresAtribuicao.csproj", "{C332FD2A-AAA1-41C7-BC44-CB844742C258}"
EndProject
Project("{9A19103F-16F7-4668-BE54-9A1E7A4F7556}") = "ConversaoImplicitaECasting", "ConversaoImplicitaECasting\ConversaoImplicitaECasting.csproj", "{BF704FB6-ED28-4A11-9875-7CC7CA14E53F}"
EndProject
Project("{9A19103F-16F7-4668-BE54-9A1E7A4F7556}") = "OperadoresAritmeticos", "OperadoresAritmeticos\OperadoresAritmeticos.csproj", "{9AB35BB9-7210-45EC-A83A-2F6C9A24C230}"
EndProject
Project("{9A19103F-16F7-4668-BE54-9A1E7A4F7556}") = "EntradaDeDados", "EntradaDeDados\EntradaDeDados.csproj", "{50498876-F774-413F-B269-5B4F60EC5A8A}"
EndProject
Project("{9A19103F-16F7-4668-BE54-9A1E7A4F7556}") = "Desafio_EntradaDeDados", "Desafio_EntradaDeDados\Desafio_EntradaDeDados.csproj", "{4D379D41-7D95-4952-B593-A3EBA1C6AC5C}"
EndProject
Project("{9A19103F-16F7-4668-BE54-9A1E7A4F7556}") = "OperadoresLogicos", "OperadoresLogicos\OperadoresLogicos.csproj", "{99819FDB-30A6-46D3-AEAA-BE37A6EC819C}"
EndProject
Project("{9A19103F-16F7-4668-BE54-9A1E7A4F7556}") = "EstruturaIfElse", "EstruturaIfElse\EstruturaIfElse.csproj", "{CA5C4D0E-A6D6-40F9-97E0-BFA9359EF904}"
EndProject
Project("{9A19103F-16F7-4668-BE54-9A1E7A4F7556}") = "Desafio_EstruturaIfElse", "Desafio_EstruturaIfElse\Desafio_EstruturaIfElse.csproj", "{CD0F861E-A7E9-4C85-A601-9DDF10E2284D}"
EndProject
Project("{9A19103F-16F7-4668-BE54-9A1E7A4F7556}") = "Funcoes", "Funcoes\Funcoes.csproj", "{08C3CDB7-4B68-4275-8C71-E73AE98130F7}"
EndProject
Project("{9A19103F-16F7-4668-BE54-9A1E7A4F7556}") = "EstruturaRepetitivaWhile", "EstruturaRepetitivaWhile\EstruturaRepetitivaWhile.csproj", "{6ABD3DC2-5BF3-43ED-8F7B-209EB25E0306}"
EndProject
Project("{9A19103F-16F7-4668-BE54-9A1E7A4F7556}") = "Desafio_EstruturaRepetitivaWhile", "Desafio_EstruturaRepetitivaWhile\Desafio_EstruturaRepetitivaWhile.csproj", "{A863F1B5-4FD0-4089-9475-A321FB4E2008}"
EndProject
Project("{9A19103F-16F7-4668-BE54-9A1E7A4F7556}") = "EstruturaRepetitivaFor", "EstruturaRepetitivaFor\EstruturaRepetitivaFor.csproj", "{BFF6CC3B-6ECD-4B2D-BA9C-FA27B6914EA1}"
EndProject
Project("{9A19103F-16F7-4668-BE54-9A1E7A4F7556}") = "POO_ClassesEAtributos", "POO_ClassesEAtributos\POO_ClassesEAtributos.csproj", "{1D9B0B45-9547-405B-B63E-E26816A2C6BE}"
EndProject
Project("{9A19103F-16F7-4668-BE54-9A1E7A4F7556}") = "Desafio_POO_ClassesEAtributos", "Desafio_POO_ClassesEAtributos\Desafio_POO_ClassesEAtributos.csproj", "{F2376820-0CF7-4012-AC96-A97DD9285FFD}"
EndProject
Project("{9A19103F-16F7-4668-BE54-9A1E7A4F7556}") = "POO_ClassesEAtributosII", "POO_ClassesEAtributosII\POO_ClassesEAtributosII.csproj", "{6E74DA13-7BEA-4B36-975F-C2277BADF9DE}"
EndProject
Project("{9A19103F-16F7-4668-BE54-9A1E7A4F7556}") = "Desafio_POO_ClassesEAtributosII", "Desafio_POO_ClassesEAtributosII\Desafio_POO_ClassesEAtributosII.csproj", "{3FBDF039-8F2C-447F-8493-06DDF42324AC}"
EndProject
Project("{9A19103F-16F7-4668-BE54-9A1E7A4F7556}") = "POO_MembrosEstaticos", "POO_MembrosEstaticos\POO_MembrosEstaticos.csproj", "{907F09A2-F166-4355-8DAC-E8D3D79F6F03}"
EndProject
Project("{9A19103F-16F7-4668-BE54-9A1E7A4F7556}") = "POO_Construtores", "POO_Construtores\POO_Construtores.csproj", "{FDB096D9-95BA-4595-9599-CE4AEAF4616D}"
EndProject
Project("{9A19103F-16F7-4668-BE54-9A1E7A4F7556}") = "POO_Encapsulamento", "POO_Encapsulamento\POO_Encapsulamento.csproj", "{5AFBD7FD-56FF-4CAA-B069-15EAA3B8C5D6}"
EndProject
Project("{9A19103F-16F7-4668-BE54-9A1E7A4F7556}") = "POO_Properties", "POO_Properties\POO_Properties.csproj", "{5640EF77-4757-499C-80BB-CA05F1B780B7}"
EndProject
Project("{9A19103F-16F7-4668-BE54-9A1E7A4F7556}") = "Desafio_POO_Properties", "Desafio_POO_Properties\Desafio_POO_Properties.csproj", "{D5607668-E47F-43DE-A6BB-217117C79783}"
EndProject
Project("{9A19103F-16F7-4668-BE54-9A1E7A4F7556}") = "POO_Nullable", "POO_Nullable\POO_Nullable.csproj", "{156F582F-1358-423D-85B9-87C3F426B6E8}"
EndProject
Project("{9A19103F-16F7-4668-BE54-9A1E7A4F7556}") = "Vetores", "Vetores\Vetores.csproj", "{9047214D-E27C-48A7-829E-8F3404466D80}"
EndProject
Project("{9A19103F-16F7-4668-BE54-9A1E7A4F7556}") = "VetoresII", "VetoresII\VetoresII.csproj", "{DD2DCA6A-AD73-4D2A-B8E2-E2CD580D8454}"
EndProject
Project("{9A19103F-16F7-4668-BE54-9A1E7A4F7556}") = "Desafio_Vetores", "Desafio_Vetores\Desafio_Vetores.csproj", "{61FB5CE4-F90A-4068-BED6-B490F9613D27}"
EndProject
Project("{9A19103F-16F7-4668-BE54-9A1E7A4F7556}") = "Foreach", "Foreach\Foreach.csproj", "{89FB11CD-0A37-4441-B1D3-53C3410447DD}"
EndProject
Project("{9A19103F-16F7-4668-BE54-9A1E7A4F7556}") = "List", "List\List.csproj", "{0108C81A-BD2E-4719-99ED-8439D72D96BB}"
EndProject
Project("{9A19103F-16F7-4668-BE54-9A1E7A4F7556}") = "ListII", "ListII\ListII.csproj", "{0128360B-DD99-408C-9371-149F29451098}"
EndProject
Project("{9A19103F-16F7-4668-BE54-9A1E7A4F7556}") = "Desafio_List", "Desafio_List\Desafio_List.csproj", "{F480DF94-E6F9-4C14-928C-65436E8E6929}"
EndProject
Project("{9A19103F-16F7-4668-BE54-9A1E7A4F7556}") = "Matrizes", "Matrizes\Matrizes.csproj", "{9EB76EC8-6B28-4ED1-99CE-40C93EA6C6D0}"
EndProject
Project("{9A19103F-16F7-4668-BE54-9A1E7A4F7556}") = "DesafioResolvido_Matrizes", "DesafioResolvido_Matrizes\DesafioResolvido_Matrizes.csproj", "{9BCB75B3-BCB9-49B5-A890-8351CE49B5DE}"
EndProject
Project("{9A19103F-16F7-4668-BE54-9A1E7A4F7556}") = "SwitchCase", "SwitchCase\SwitchCase.csproj", "{0E4CCE3A-B710-490F-9BCC-8C6EA4E607E4}"
EndProject
Project("{9A19103F-16F7-4668-BE54-9A1E7A4F7556}") = "OperadorTernario", "OperadorTernario\OperadorTernario.csproj", "{43AE101F-CE93-4528-B6D5-67F7714815CB}"
EndProject
Project("{9A19103F-16F7-4668-BE54-9A1E7A4F7556}") = "String", "String\String.csproj", "{0B8EE45B-0F22-4215-AD5A-286A699DEEC7}"
EndProject
Project("{9A19103F-16F7-4668-BE54-9A1E7A4F7556}") = "DateTime_Builders", "DateTime\DateTime_Builders.csproj", "{F59741A1-D953-4C6E-BCD8-679C1E102A6D}"
EndProject
Project("{9A19103F-16F7-4668-BE54-9A1E7A4F7556}") = "TimeSpan_Construtores", "TimeSpan_Construtores\TimeSpan_Construtores.csproj", "{C3C65C14-1606-4B95-8686-9B4FEB4487CD}"
EndProject
Project("{9A19103F-16F7-4668-BE54-9A1E7A4F7556}") = "DateTime_Propriedades", "DateTime_Propriedades\DateTime_Propriedades.csproj", "{4CEFBFFA-BE7C-4DD5-B11B-2D79C187A630}"
EndProject
Project("{9A19103F-16F7-4668-BE54-9A1E7A4F7556}") = "TimeSpan_Propriedades", "TimeSpan_Propriedades\TimeSpan_Propriedades.csproj", "{60D616FC-5F1B-4A12-BBBB-6BE5B22F7500}"
EndProject
Project("{9A19103F-16F7-4668-BE54-9A1E7A4F7556}") = "DateTimeKind_ISO8601", "DateTimeKind_ISO8601\DateTimeKind_ISO8601.csproj", "{4E2600BF-7A5E-4AB5-8250-D3C0C4C54BCF}"
EndProject
Project("{9A19103F-16F7-4668-BE54-9A1E7A4F7556}") = "POO_Enumeracao", "POO_Enumeracao\POO_Enumeracao.csproj", "{4753EB1D-4CBA-429D-A5B4-0785E65C9CFF}"
EndProject
Project("{9A19103F-16F7-4668-BE54-9A1E7A4F7556}") = "DesafioResolvido_Enum_Composicao", "DesafioResolvido_Enum_Composicao\DesafioResolvido_Enum_Composicao.csproj", "{E991A7D1-8B07-4BC5-B965-E91AEF942114}"
EndProject
Project("{9A19103F-16F7-4668-BE54-9A1E7A4F7556}") = "DeafioResolvido_Enum_Composicao_StringBuilder", "DeafioResolvido_Enum_Composicao_StringBuilder\DeafioResolvido_Enum_Composicao_StringBuilder.csproj", "{0990CB29-3A56-44DE-A96A-660B6777E4EB}"
EndProject
Project("{9A19103F-16F7-4668-BE54-9A1E7A4F7556}") = "Desafio_Enum_composicao_StringBuilder", "Desafio_Enum_composicao_StringBuilder\Desafio_Enum_composicao_StringBuilder.csproj", "{424209DA-2E3E-41EA-A895-5728F4CA9EF4}"
EndProject
Project("{9A19103F-16F7-4668-BE54-9A1E7A4F7556}") = "POO_Heranca", "POO_Heranca\POO_Heranca.csproj", "{68926882-2390-4D16-98E5-C04AAF52697F}"
EndProject
Project("{9A19103F-16F7-4668-BE54-9A1E7A4F7556}") = "DesafioResolvido_POO_Heranca_Polimorfismo", "DesafioResolvido_POO_Heranca_Polimorfismo\DesafioResolvido_POO_Heranca_Polimorfismo.csproj", "{DBA1E6FA-096E-4EC4-83AD-FA6ED1CE6EDF}"
EndProject
Project("{9A19103F-16F7-4668-BE54-9A1E7A4F7556}") = "Desafio_POO_Heranca_Polimorfismo", "Desafio_POO_Heranca_Polimorfismo\Desafio_POO_Heranca_Polimorfismo.csproj", "{A2FC7461-7388-44D4-A52D-B91AED7E8BFA}"
EndProject
Project("{9A19103F-16F7-4668-BE54-9A1E7A4F7556}") = "POO_Classes_Abstratas", "POO_Classes_Abstratas\POO_Classes_Abstratas.csproj", "{9D26DACF-A5A5-4ADF-8B25-3EA63BD168B6}"
EndProject
Project("{9A19103F-16F7-4668-BE54-9A1E7A4F7556}") = "DesafioResolvido_POO_Classes_Abstratas", "DesafioResolvido_POO_Classes_Abstratas\DesafioResolvido_POO_Classes_Abstratas.csproj", "{29DD660E-1C5A-42CD-B094-C353C5BCE8AA}"
EndProject
Project("{9A19103F-16F7-4668-BE54-9A1E7A4F7556}") = "Desafio_POO_Classes_Abstratas", "Desafio_POO_Classes_Abstratas\Desafio_POO_Classes_Abstratas.csproj", "{DD014925-824C-4A15-854D-7823402B810F}"
EndProject
Project("{9A19103F-16F7-4668-BE54-9A1E7A4F7556}") = "Estrutura_TryCatch", "Estrutura_TryCatch\Estrutura_TryCatch.csproj", "{496D9B8B-1DC0-4D17-99F8-EEFA4619F6D9}"
EndProject
Project("{9A19103F-16F7-4668-BE54-9A1E7A4F7556}") = "DesafioResolvido_TryCatch", "DesafioResolvido_TryCatch\DesafioResolvido_TryCatch.csproj", "{D08352D8-0000-448C-AD8F-7ECA14F606A7}"
EndProject
Project("{9A19103F-16F7-4668-BE54-9A1E7A4F7556}") = "Desafio_POO_TryCatch", "Desafio_POO_TryCatch\Desafio_POO_TryCatch.csproj", "{370F54DB-217A-45BA-BE6E-C40596328803}"
EndProject
Project("{2150E333-8FDC-42A3-9474-1A3956D46DE8}") = "Projeto_Xadrez", "Projeto_Xadrez", "{2E8010CC-0A0A-4073-A72A-12084621BB7A}"
EndProject
Project("{9A19103F-16F7-4668-BE54-9A1E7A4F7556}") = "Projeto_Xadrez", "Projeto_Xadrez\Projeto_Xadrez.csproj", "{058775B6-E4BF-49B0-89DD-CA05A5539241}"
EndProject
Project("{2150E333-8FDC-42A3-9474-1A3956D46DE8}") = "Trabalhando_com_Arquivos", "Trabalhando_com_Arquivos", "{12E493F3-D732-4A5E-A07F-0D497C5775DA}"
EndProject
Project("{9A19103F-16F7-4668-BE54-9A1E7A4F7556}") = "File_FileInfo_IOException", "File_FileInfo_IOException\File_FileInfo_IOException.csproj", "{11C412E2-F926-4BC0-8EC5-E569368502EC}"
EndProject
Project("{9A19103F-16F7-4668-BE54-9A1E7A4F7556}") = "FileStream_StreamReader", "FileStream_StreamReader\FileStream_StreamReader.csproj", "{8A4DAF95-70ED-4E51-9F5F-6405F4EC1811}"
EndProject
Project("{9A19103F-16F7-4668-BE54-9A1E7A4F7556}") = "Using_Block", "Using_Block\Using_Block.csproj", "{32D7D707-FD52-40DF-ADD4-B2F01D959138}"
EndProject
Project("{9A19103F-16F7-4668-BE54-9A1E7A4F7556}") = "StreamWriter_Arquivos", "StreamWriter\StreamWriter_Arquivos.csproj", "{A4B08C20-ABCC-4D93-A301-FD15725EF398}"
EndProject
Project("{9A19103F-16F7-4668-BE54-9A1E7A4F7556}") = "Directory_DirectoryInfo", "Directory_DirectoryInfo\Directory_DirectoryInfo.csproj", "{92CBB8F4-3701-4306-8396-CE56474B5EC8}"
EndProject
Project("{9A19103F-16F7-4668-BE54-9A1E7A4F7556}") = "Path_Arquivos", "Path\Path_Arquivos.csproj", "{F6D7D9C0-EEEE-467B-9D44-39FA29288651}"
EndProject
Project("{2150E333-8FDC-42A3-9474-1A3956D46DE8}") = "Interface", "Interface", "{1AC210A6-E4A0-4E4B-96F6-BFF684EAEA86}"
EndProject
Project("{9A19103F-16F7-4668-BE54-9A1E7A4F7556}") = "Desafio_Resolvido_SemInterface", "Desafio_Resolvido_SemInterface\Desafio_Resolvido_SemInterface.csproj", "{15828B00-6EA2-4C36-95E0-73BE39260536}"
EndProject
Project("{9A19103F-16F7-4668-BE54-9A1E7A4F7556}") = "Desafio_Resolvido_ComInterface", "Desafio_Resolvido_ComInterface\Desafio_Resolvido_ComInterface.csproj", "{5B8B520E-FF66-47D6-AD51-080058B9AED3}"
EndProject
Project("{9A19103F-16F7-4668-BE54-9A1E7A4F7556}") = "Interface_IComparable", "Interface_IComparable\Interface_IComparable.csproj", "{710653B1-6593-4F2F-9285-34BC68DC099B}"
EndProject
Project("{2150E333-8FDC-42A3-9474-1A3956D46DE8}") = "Generics_Set_Dictionary", "Generics_Set_Dictionary", "{9876B38C-117A-43DE-AD9B-04B6099AB1E0}"
EndProject
Project("{9A19103F-16F7-4668-BE54-9A1E7A4F7556}") = "Desafio_Resolvido_Generics", "Desafio_Resolvido_Generics\Desafio_Resolvido_Generics.csproj", "{AAADD70F-716F-4A3C-B09E-304E6B241C7B}"
EndProject
Project("{9A19103F-16F7-4668-BE54-9A1E7A4F7556}") = "Desafio_Resolvido_RestricaoGenerics", "Desafio_Resolvido_RestricaoGenerics\Desafio_Resolvido_RestricaoGenerics.csproj", "{E05DEC8B-3A24-4E96-8F75-A24D747EF7C8}"
EndProject
Project("{9A19103F-16F7-4668-BE54-9A1E7A4F7556}") = "GetHashCode_Equals", "GetHashCode_Equals\GetHashCode_Equals.csproj", "{A087DAC7-507A-402A-808A-C3206300EBCC}"
EndProject
Project("{9A19103F-16F7-4668-BE54-9A1E7A4F7556}") = "Conjuntos_HashSet_SortedSet", "Conjuntos_HashSet_SortSet\Conjuntos_HashSet_SortedSet.csproj", "{8BD82495-669A-43B4-A06B-198E657A0E1F}"
EndProject
Project("{9A19103F-16F7-4668-BE54-9A1E7A4F7556}") = "Hash_CompararIgualdade", "Hash_CompararIgualdade\Hash_CompararIgualdade.csproj", "{80DC4B30-1DE1-4823-B962-E2AF02AC666A}"
EndProject
Project("{9A19103F-16F7-4668-BE54-9A1E7A4F7556}") = "Desafio_Resolvido_Set", "Desafio_Resolvido_Set\Desafio_Resolvido_Set.csproj", "{6CEFF379-566D-4227-808D-7544D0B440FF}"
EndProject
Project("{9A19103F-16F7-4668-BE54-9A1E7A4F7556}") = "Dictionary_SortedDictionary", "Dictionary_SortedDictionary\Dictionary_SortedDictionary.csproj", "{DE7BB61D-98AD-4156-B891-B48DEF51296E}"
EndProject
Project("{9A19103F-16F7-4668-BE54-9A1E7A4F7556}") = "Extension_Methods", "Extension_Methods\Extension_Methods.csproj", "{5EADD85A-5C66-46DA-BBF3-D588D37B4718}"
EndProject
Project("{2150E333-8FDC-42A3-9474-1A3956D46DE8}") = "Lambda_Delegates_LINQ", "Lambda_Delegates_LINQ", "{AEBB96AF-56E0-4635-97EB-8B9C35C78369}"
EndProject
Project("{9A19103F-16F7-4668-BE54-9A1E7A4F7556}") = "Delegate_Exemplo", "Delegate_Exemplo\Delegate_Exemplo.csproj", "{50401687-BF9B-47C2-9988-2768108FD8FB}"
EndProject
Project("{9A19103F-16F7-4668-BE54-9A1E7A4F7556}") = "Multicast_Delegates", "Multicast_Delegates\Multicast_Delegates.csproj", "{AB264B56-F3A9-4C44-8A58-A4C7411FB643}"
EndProject
Project("{9A19103F-16F7-4668-BE54-9A1E7A4F7556}") = "Predicate_Delegate", "Predicate_Delegate\Predicate_Delegate.csproj", "{51033AB1-4EFC-4BF5-BD7D-6738F0B3525C}"
EndProject
Project("{9A19103F-16F7-4668-BE54-9A1E7A4F7556}") = "Action_Delegate", "Action_Delegate\Action_Delegate.csproj", "{E34278AD-5B36-4C17-8E1D-2D1E8ECDE258}"
EndProject
Project("{9A19103F-16F7-4668-BE54-9A1E7A4F7556}") = "Func_Delegate", "Func_Delegate\Func_Delegate.csproj", "{D4BA3E63-4F99-491D-BE72-97E2C68F6404}"
EndProject
Project("{9A19103F-16F7-4668-BE54-9A1E7A4F7556}") = "Linq_ExemploDeUso", "Linq_ExemploDeUso\Linq_ExemploDeUso.csproj", "{779E38B5-4E38-4D8B-810D-867352CD3C00}"
EndProject
Project("{9A19103F-16F7-4668-BE54-9A1E7A4F7556}") = "Exemplo_Linq_Lambda", "Exemplo_Linq_Lambda\Exemplo_Linq_Lambda.csproj", "{B411B1FF-C10D-47D9-8DC7-7A0189E51E01}"
EndProject
Project("{FAE04EC0-301F-11D3-BF4B-00C04F79EFBC}") = "Desafio_Resolvido_Linq", "Desafio_Resolvido_Linq\Desafio_Resolvido_Linq.csproj", "{B72E6655-D931-4F14-9E33-3E140E854327}"
EndProject
Project("{FAE04EC0-301F-11D3-BF4B-00C04F79EFBC}") = "Desafio_Linq", "Desafio_Linq\Desafio_Linq.csproj", "{940CF686-9D05-4D10-A303-8E70BC6648C9}"
EndProject
Global
	GlobalSection(SolutionConfigurationPlatforms) = preSolution
		Debug|Any CPU = Debug|Any CPU
		Release|Any CPU = Release|Any CPU
	EndGlobalSection
	GlobalSection(ProjectConfigurationPlatforms) = postSolution
		{B830BC43-B14A-481E-A8AF-888247C45FB0}.Debug|Any CPU.ActiveCfg = Debug|Any CPU
		{B830BC43-B14A-481E-A8AF-888247C45FB0}.Debug|Any CPU.Build.0 = Debug|Any CPU
		{B830BC43-B14A-481E-A8AF-888247C45FB0}.Release|Any CPU.ActiveCfg = Release|Any CPU
		{B830BC43-B14A-481E-A8AF-888247C45FB0}.Release|Any CPU.Build.0 = Release|Any CPU
		{BDBF8820-9E63-4EC9-BE0C-9469376B2F1D}.Debug|Any CPU.ActiveCfg = Debug|Any CPU
		{BDBF8820-9E63-4EC9-BE0C-9469376B2F1D}.Debug|Any CPU.Build.0 = Debug|Any CPU
		{BDBF8820-9E63-4EC9-BE0C-9469376B2F1D}.Release|Any CPU.ActiveCfg = Release|Any CPU
		{BDBF8820-9E63-4EC9-BE0C-9469376B2F1D}.Release|Any CPU.Build.0 = Release|Any CPU
		{C332FD2A-AAA1-41C7-BC44-CB844742C258}.Debug|Any CPU.ActiveCfg = Debug|Any CPU
		{C332FD2A-AAA1-41C7-BC44-CB844742C258}.Debug|Any CPU.Build.0 = Debug|Any CPU
		{C332FD2A-AAA1-41C7-BC44-CB844742C258}.Release|Any CPU.ActiveCfg = Release|Any CPU
		{C332FD2A-AAA1-41C7-BC44-CB844742C258}.Release|Any CPU.Build.0 = Release|Any CPU
		{BF704FB6-ED28-4A11-9875-7CC7CA14E53F}.Debug|Any CPU.ActiveCfg = Debug|Any CPU
		{BF704FB6-ED28-4A11-9875-7CC7CA14E53F}.Debug|Any CPU.Build.0 = Debug|Any CPU
		{BF704FB6-ED28-4A11-9875-7CC7CA14E53F}.Release|Any CPU.ActiveCfg = Release|Any CPU
		{BF704FB6-ED28-4A11-9875-7CC7CA14E53F}.Release|Any CPU.Build.0 = Release|Any CPU
		{9AB35BB9-7210-45EC-A83A-2F6C9A24C230}.Debug|Any CPU.ActiveCfg = Debug|Any CPU
		{9AB35BB9-7210-45EC-A83A-2F6C9A24C230}.Debug|Any CPU.Build.0 = Debug|Any CPU
		{9AB35BB9-7210-45EC-A83A-2F6C9A24C230}.Release|Any CPU.ActiveCfg = Release|Any CPU
		{9AB35BB9-7210-45EC-A83A-2F6C9A24C230}.Release|Any CPU.Build.0 = Release|Any CPU
		{50498876-F774-413F-B269-5B4F60EC5A8A}.Debug|Any CPU.ActiveCfg = Debug|Any CPU
		{50498876-F774-413F-B269-5B4F60EC5A8A}.Debug|Any CPU.Build.0 = Debug|Any CPU
		{50498876-F774-413F-B269-5B4F60EC5A8A}.Release|Any CPU.ActiveCfg = Release|Any CPU
		{50498876-F774-413F-B269-5B4F60EC5A8A}.Release|Any CPU.Build.0 = Release|Any CPU
		{4D379D41-7D95-4952-B593-A3EBA1C6AC5C}.Debug|Any CPU.ActiveCfg = Debug|Any CPU
		{4D379D41-7D95-4952-B593-A3EBA1C6AC5C}.Debug|Any CPU.Build.0 = Debug|Any CPU
		{4D379D41-7D95-4952-B593-A3EBA1C6AC5C}.Release|Any CPU.ActiveCfg = Release|Any CPU
		{4D379D41-7D95-4952-B593-A3EBA1C6AC5C}.Release|Any CPU.Build.0 = Release|Any CPU
		{99819FDB-30A6-46D3-AEAA-BE37A6EC819C}.Debug|Any CPU.ActiveCfg = Debug|Any CPU
		{99819FDB-30A6-46D3-AEAA-BE37A6EC819C}.Debug|Any CPU.Build.0 = Debug|Any CPU
		{99819FDB-30A6-46D3-AEAA-BE37A6EC819C}.Release|Any CPU.ActiveCfg = Release|Any CPU
		{99819FDB-30A6-46D3-AEAA-BE37A6EC819C}.Release|Any CPU.Build.0 = Release|Any CPU
		{CA5C4D0E-A6D6-40F9-97E0-BFA9359EF904}.Debug|Any CPU.ActiveCfg = Debug|Any CPU
		{CA5C4D0E-A6D6-40F9-97E0-BFA9359EF904}.Debug|Any CPU.Build.0 = Debug|Any CPU
		{CA5C4D0E-A6D6-40F9-97E0-BFA9359EF904}.Release|Any CPU.ActiveCfg = Release|Any CPU
		{CA5C4D0E-A6D6-40F9-97E0-BFA9359EF904}.Release|Any CPU.Build.0 = Release|Any CPU
		{CD0F861E-A7E9-4C85-A601-9DDF10E2284D}.Debug|Any CPU.ActiveCfg = Debug|Any CPU
		{CD0F861E-A7E9-4C85-A601-9DDF10E2284D}.Debug|Any CPU.Build.0 = Debug|Any CPU
		{CD0F861E-A7E9-4C85-A601-9DDF10E2284D}.Release|Any CPU.ActiveCfg = Release|Any CPU
		{CD0F861E-A7E9-4C85-A601-9DDF10E2284D}.Release|Any CPU.Build.0 = Release|Any CPU
		{08C3CDB7-4B68-4275-8C71-E73AE98130F7}.Debug|Any CPU.ActiveCfg = Debug|Any CPU
		{08C3CDB7-4B68-4275-8C71-E73AE98130F7}.Debug|Any CPU.Build.0 = Debug|Any CPU
		{08C3CDB7-4B68-4275-8C71-E73AE98130F7}.Release|Any CPU.ActiveCfg = Release|Any CPU
		{08C3CDB7-4B68-4275-8C71-E73AE98130F7}.Release|Any CPU.Build.0 = Release|Any CPU
		{6ABD3DC2-5BF3-43ED-8F7B-209EB25E0306}.Debug|Any CPU.ActiveCfg = Debug|Any CPU
		{6ABD3DC2-5BF3-43ED-8F7B-209EB25E0306}.Debug|Any CPU.Build.0 = Debug|Any CPU
		{6ABD3DC2-5BF3-43ED-8F7B-209EB25E0306}.Release|Any CPU.ActiveCfg = Release|Any CPU
		{6ABD3DC2-5BF3-43ED-8F7B-209EB25E0306}.Release|Any CPU.Build.0 = Release|Any CPU
		{A863F1B5-4FD0-4089-9475-A321FB4E2008}.Debug|Any CPU.ActiveCfg = Debug|Any CPU
		{A863F1B5-4FD0-4089-9475-A321FB4E2008}.Debug|Any CPU.Build.0 = Debug|Any CPU
		{A863F1B5-4FD0-4089-9475-A321FB4E2008}.Release|Any CPU.ActiveCfg = Release|Any CPU
		{A863F1B5-4FD0-4089-9475-A321FB4E2008}.Release|Any CPU.Build.0 = Release|Any CPU
		{BFF6CC3B-6ECD-4B2D-BA9C-FA27B6914EA1}.Debug|Any CPU.ActiveCfg = Debug|Any CPU
		{BFF6CC3B-6ECD-4B2D-BA9C-FA27B6914EA1}.Debug|Any CPU.Build.0 = Debug|Any CPU
		{BFF6CC3B-6ECD-4B2D-BA9C-FA27B6914EA1}.Release|Any CPU.ActiveCfg = Release|Any CPU
		{BFF6CC3B-6ECD-4B2D-BA9C-FA27B6914EA1}.Release|Any CPU.Build.0 = Release|Any CPU
		{1D9B0B45-9547-405B-B63E-E26816A2C6BE}.Debug|Any CPU.ActiveCfg = Debug|Any CPU
		{1D9B0B45-9547-405B-B63E-E26816A2C6BE}.Debug|Any CPU.Build.0 = Debug|Any CPU
		{1D9B0B45-9547-405B-B63E-E26816A2C6BE}.Release|Any CPU.ActiveCfg = Release|Any CPU
		{1D9B0B45-9547-405B-B63E-E26816A2C6BE}.Release|Any CPU.Build.0 = Release|Any CPU
		{F2376820-0CF7-4012-AC96-A97DD9285FFD}.Debug|Any CPU.ActiveCfg = Debug|Any CPU
		{F2376820-0CF7-4012-AC96-A97DD9285FFD}.Debug|Any CPU.Build.0 = Debug|Any CPU
		{F2376820-0CF7-4012-AC96-A97DD9285FFD}.Release|Any CPU.ActiveCfg = Release|Any CPU
		{F2376820-0CF7-4012-AC96-A97DD9285FFD}.Release|Any CPU.Build.0 = Release|Any CPU
		{6E74DA13-7BEA-4B36-975F-C2277BADF9DE}.Debug|Any CPU.ActiveCfg = Debug|Any CPU
		{6E74DA13-7BEA-4B36-975F-C2277BADF9DE}.Debug|Any CPU.Build.0 = Debug|Any CPU
		{6E74DA13-7BEA-4B36-975F-C2277BADF9DE}.Release|Any CPU.ActiveCfg = Release|Any CPU
		{6E74DA13-7BEA-4B36-975F-C2277BADF9DE}.Release|Any CPU.Build.0 = Release|Any CPU
		{3FBDF039-8F2C-447F-8493-06DDF42324AC}.Debug|Any CPU.ActiveCfg = Debug|Any CPU
		{3FBDF039-8F2C-447F-8493-06DDF42324AC}.Debug|Any CPU.Build.0 = Debug|Any CPU
		{3FBDF039-8F2C-447F-8493-06DDF42324AC}.Release|Any CPU.ActiveCfg = Release|Any CPU
		{3FBDF039-8F2C-447F-8493-06DDF42324AC}.Release|Any CPU.Build.0 = Release|Any CPU
		{907F09A2-F166-4355-8DAC-E8D3D79F6F03}.Debug|Any CPU.ActiveCfg = Debug|Any CPU
		{907F09A2-F166-4355-8DAC-E8D3D79F6F03}.Debug|Any CPU.Build.0 = Debug|Any CPU
		{907F09A2-F166-4355-8DAC-E8D3D79F6F03}.Release|Any CPU.ActiveCfg = Release|Any CPU
		{907F09A2-F166-4355-8DAC-E8D3D79F6F03}.Release|Any CPU.Build.0 = Release|Any CPU
		{FDB096D9-95BA-4595-9599-CE4AEAF4616D}.Debug|Any CPU.ActiveCfg = Debug|Any CPU
		{FDB096D9-95BA-4595-9599-CE4AEAF4616D}.Debug|Any CPU.Build.0 = Debug|Any CPU
		{FDB096D9-95BA-4595-9599-CE4AEAF4616D}.Release|Any CPU.ActiveCfg = Release|Any CPU
		{FDB096D9-95BA-4595-9599-CE4AEAF4616D}.Release|Any CPU.Build.0 = Release|Any CPU
		{5AFBD7FD-56FF-4CAA-B069-15EAA3B8C5D6}.Debug|Any CPU.ActiveCfg = Debug|Any CPU
		{5AFBD7FD-56FF-4CAA-B069-15EAA3B8C5D6}.Debug|Any CPU.Build.0 = Debug|Any CPU
		{5AFBD7FD-56FF-4CAA-B069-15EAA3B8C5D6}.Release|Any CPU.ActiveCfg = Release|Any CPU
		{5AFBD7FD-56FF-4CAA-B069-15EAA3B8C5D6}.Release|Any CPU.Build.0 = Release|Any CPU
		{5640EF77-4757-499C-80BB-CA05F1B780B7}.Debug|Any CPU.ActiveCfg = Debug|Any CPU
		{5640EF77-4757-499C-80BB-CA05F1B780B7}.Debug|Any CPU.Build.0 = Debug|Any CPU
		{5640EF77-4757-499C-80BB-CA05F1B780B7}.Release|Any CPU.ActiveCfg = Release|Any CPU
		{5640EF77-4757-499C-80BB-CA05F1B780B7}.Release|Any CPU.Build.0 = Release|Any CPU
		{D5607668-E47F-43DE-A6BB-217117C79783}.Debug|Any CPU.ActiveCfg = Debug|Any CPU
		{D5607668-E47F-43DE-A6BB-217117C79783}.Debug|Any CPU.Build.0 = Debug|Any CPU
		{D5607668-E47F-43DE-A6BB-217117C79783}.Release|Any CPU.ActiveCfg = Release|Any CPU
		{D5607668-E47F-43DE-A6BB-217117C79783}.Release|Any CPU.Build.0 = Release|Any CPU
		{156F582F-1358-423D-85B9-87C3F426B6E8}.Debug|Any CPU.ActiveCfg = Debug|Any CPU
		{156F582F-1358-423D-85B9-87C3F426B6E8}.Debug|Any CPU.Build.0 = Debug|Any CPU
		{156F582F-1358-423D-85B9-87C3F426B6E8}.Release|Any CPU.ActiveCfg = Release|Any CPU
		{156F582F-1358-423D-85B9-87C3F426B6E8}.Release|Any CPU.Build.0 = Release|Any CPU
		{9047214D-E27C-48A7-829E-8F3404466D80}.Debug|Any CPU.ActiveCfg = Debug|Any CPU
		{9047214D-E27C-48A7-829E-8F3404466D80}.Debug|Any CPU.Build.0 = Debug|Any CPU
		{9047214D-E27C-48A7-829E-8F3404466D80}.Release|Any CPU.ActiveCfg = Release|Any CPU
		{9047214D-E27C-48A7-829E-8F3404466D80}.Release|Any CPU.Build.0 = Release|Any CPU
		{DD2DCA6A-AD73-4D2A-B8E2-E2CD580D8454}.Debug|Any CPU.ActiveCfg = Debug|Any CPU
		{DD2DCA6A-AD73-4D2A-B8E2-E2CD580D8454}.Debug|Any CPU.Build.0 = Debug|Any CPU
		{DD2DCA6A-AD73-4D2A-B8E2-E2CD580D8454}.Release|Any CPU.ActiveCfg = Release|Any CPU
		{DD2DCA6A-AD73-4D2A-B8E2-E2CD580D8454}.Release|Any CPU.Build.0 = Release|Any CPU
		{61FB5CE4-F90A-4068-BED6-B490F9613D27}.Debug|Any CPU.ActiveCfg = Debug|Any CPU
		{61FB5CE4-F90A-4068-BED6-B490F9613D27}.Debug|Any CPU.Build.0 = Debug|Any CPU
		{61FB5CE4-F90A-4068-BED6-B490F9613D27}.Release|Any CPU.ActiveCfg = Release|Any CPU
		{61FB5CE4-F90A-4068-BED6-B490F9613D27}.Release|Any CPU.Build.0 = Release|Any CPU
		{89FB11CD-0A37-4441-B1D3-53C3410447DD}.Debug|Any CPU.ActiveCfg = Debug|Any CPU
		{89FB11CD-0A37-4441-B1D3-53C3410447DD}.Debug|Any CPU.Build.0 = Debug|Any CPU
		{89FB11CD-0A37-4441-B1D3-53C3410447DD}.Release|Any CPU.ActiveCfg = Release|Any CPU
		{89FB11CD-0A37-4441-B1D3-53C3410447DD}.Release|Any CPU.Build.0 = Release|Any CPU
		{0108C81A-BD2E-4719-99ED-8439D72D96BB}.Debug|Any CPU.ActiveCfg = Debug|Any CPU
		{0108C81A-BD2E-4719-99ED-8439D72D96BB}.Debug|Any CPU.Build.0 = Debug|Any CPU
		{0108C81A-BD2E-4719-99ED-8439D72D96BB}.Release|Any CPU.ActiveCfg = Release|Any CPU
		{0108C81A-BD2E-4719-99ED-8439D72D96BB}.Release|Any CPU.Build.0 = Release|Any CPU
		{0128360B-DD99-408C-9371-149F29451098}.Debug|Any CPU.ActiveCfg = Debug|Any CPU
		{0128360B-DD99-408C-9371-149F29451098}.Debug|Any CPU.Build.0 = Debug|Any CPU
		{0128360B-DD99-408C-9371-149F29451098}.Release|Any CPU.ActiveCfg = Release|Any CPU
		{0128360B-DD99-408C-9371-149F29451098}.Release|Any CPU.Build.0 = Release|Any CPU
		{F480DF94-E6F9-4C14-928C-65436E8E6929}.Debug|Any CPU.ActiveCfg = Debug|Any CPU
		{F480DF94-E6F9-4C14-928C-65436E8E6929}.Debug|Any CPU.Build.0 = Debug|Any CPU
		{F480DF94-E6F9-4C14-928C-65436E8E6929}.Release|Any CPU.ActiveCfg = Release|Any CPU
		{F480DF94-E6F9-4C14-928C-65436E8E6929}.Release|Any CPU.Build.0 = Release|Any CPU
		{9EB76EC8-6B28-4ED1-99CE-40C93EA6C6D0}.Debug|Any CPU.ActiveCfg = Debug|Any CPU
		{9EB76EC8-6B28-4ED1-99CE-40C93EA6C6D0}.Debug|Any CPU.Build.0 = Debug|Any CPU
		{9EB76EC8-6B28-4ED1-99CE-40C93EA6C6D0}.Release|Any CPU.ActiveCfg = Release|Any CPU
		{9EB76EC8-6B28-4ED1-99CE-40C93EA6C6D0}.Release|Any CPU.Build.0 = Release|Any CPU
		{9BCB75B3-BCB9-49B5-A890-8351CE49B5DE}.Debug|Any CPU.ActiveCfg = Debug|Any CPU
		{9BCB75B3-BCB9-49B5-A890-8351CE49B5DE}.Debug|Any CPU.Build.0 = Debug|Any CPU
		{9BCB75B3-BCB9-49B5-A890-8351CE49B5DE}.Release|Any CPU.ActiveCfg = Release|Any CPU
		{9BCB75B3-BCB9-49B5-A890-8351CE49B5DE}.Release|Any CPU.Build.0 = Release|Any CPU
		{0E4CCE3A-B710-490F-9BCC-8C6EA4E607E4}.Debug|Any CPU.ActiveCfg = Debug|Any CPU
		{0E4CCE3A-B710-490F-9BCC-8C6EA4E607E4}.Debug|Any CPU.Build.0 = Debug|Any CPU
		{0E4CCE3A-B710-490F-9BCC-8C6EA4E607E4}.Release|Any CPU.ActiveCfg = Release|Any CPU
		{0E4CCE3A-B710-490F-9BCC-8C6EA4E607E4}.Release|Any CPU.Build.0 = Release|Any CPU
		{43AE101F-CE93-4528-B6D5-67F7714815CB}.Debug|Any CPU.ActiveCfg = Debug|Any CPU
		{43AE101F-CE93-4528-B6D5-67F7714815CB}.Debug|Any CPU.Build.0 = Debug|Any CPU
		{43AE101F-CE93-4528-B6D5-67F7714815CB}.Release|Any CPU.ActiveCfg = Release|Any CPU
		{43AE101F-CE93-4528-B6D5-67F7714815CB}.Release|Any CPU.Build.0 = Release|Any CPU
		{0B8EE45B-0F22-4215-AD5A-286A699DEEC7}.Debug|Any CPU.ActiveCfg = Debug|Any CPU
		{0B8EE45B-0F22-4215-AD5A-286A699DEEC7}.Debug|Any CPU.Build.0 = Debug|Any CPU
		{0B8EE45B-0F22-4215-AD5A-286A699DEEC7}.Release|Any CPU.ActiveCfg = Release|Any CPU
		{0B8EE45B-0F22-4215-AD5A-286A699DEEC7}.Release|Any CPU.Build.0 = Release|Any CPU
		{F59741A1-D953-4C6E-BCD8-679C1E102A6D}.Debug|Any CPU.ActiveCfg = Debug|Any CPU
		{F59741A1-D953-4C6E-BCD8-679C1E102A6D}.Debug|Any CPU.Build.0 = Debug|Any CPU
		{F59741A1-D953-4C6E-BCD8-679C1E102A6D}.Release|Any CPU.ActiveCfg = Release|Any CPU
		{F59741A1-D953-4C6E-BCD8-679C1E102A6D}.Release|Any CPU.Build.0 = Release|Any CPU
		{C3C65C14-1606-4B95-8686-9B4FEB4487CD}.Debug|Any CPU.ActiveCfg = Debug|Any CPU
		{C3C65C14-1606-4B95-8686-9B4FEB4487CD}.Debug|Any CPU.Build.0 = Debug|Any CPU
		{C3C65C14-1606-4B95-8686-9B4FEB4487CD}.Release|Any CPU.ActiveCfg = Release|Any CPU
		{C3C65C14-1606-4B95-8686-9B4FEB4487CD}.Release|Any CPU.Build.0 = Release|Any CPU
		{4CEFBFFA-BE7C-4DD5-B11B-2D79C187A630}.Debug|Any CPU.ActiveCfg = Debug|Any CPU
		{4CEFBFFA-BE7C-4DD5-B11B-2D79C187A630}.Debug|Any CPU.Build.0 = Debug|Any CPU
		{4CEFBFFA-BE7C-4DD5-B11B-2D79C187A630}.Release|Any CPU.ActiveCfg = Release|Any CPU
		{4CEFBFFA-BE7C-4DD5-B11B-2D79C187A630}.Release|Any CPU.Build.0 = Release|Any CPU
		{60D616FC-5F1B-4A12-BBBB-6BE5B22F7500}.Debug|Any CPU.ActiveCfg = Debug|Any CPU
		{60D616FC-5F1B-4A12-BBBB-6BE5B22F7500}.Debug|Any CPU.Build.0 = Debug|Any CPU
		{60D616FC-5F1B-4A12-BBBB-6BE5B22F7500}.Release|Any CPU.ActiveCfg = Release|Any CPU
		{60D616FC-5F1B-4A12-BBBB-6BE5B22F7500}.Release|Any CPU.Build.0 = Release|Any CPU
		{4E2600BF-7A5E-4AB5-8250-D3C0C4C54BCF}.Debug|Any CPU.ActiveCfg = Debug|Any CPU
		{4E2600BF-7A5E-4AB5-8250-D3C0C4C54BCF}.Debug|Any CPU.Build.0 = Debug|Any CPU
		{4E2600BF-7A5E-4AB5-8250-D3C0C4C54BCF}.Release|Any CPU.ActiveCfg = Release|Any CPU
		{4E2600BF-7A5E-4AB5-8250-D3C0C4C54BCF}.Release|Any CPU.Build.0 = Release|Any CPU
		{4753EB1D-4CBA-429D-A5B4-0785E65C9CFF}.Debug|Any CPU.ActiveCfg = Debug|Any CPU
		{4753EB1D-4CBA-429D-A5B4-0785E65C9CFF}.Debug|Any CPU.Build.0 = Debug|Any CPU
		{4753EB1D-4CBA-429D-A5B4-0785E65C9CFF}.Release|Any CPU.ActiveCfg = Release|Any CPU
		{4753EB1D-4CBA-429D-A5B4-0785E65C9CFF}.Release|Any CPU.Build.0 = Release|Any CPU
		{E991A7D1-8B07-4BC5-B965-E91AEF942114}.Debug|Any CPU.ActiveCfg = Debug|Any CPU
		{E991A7D1-8B07-4BC5-B965-E91AEF942114}.Debug|Any CPU.Build.0 = Debug|Any CPU
		{E991A7D1-8B07-4BC5-B965-E91AEF942114}.Release|Any CPU.ActiveCfg = Release|Any CPU
		{E991A7D1-8B07-4BC5-B965-E91AEF942114}.Release|Any CPU.Build.0 = Release|Any CPU
		{0990CB29-3A56-44DE-A96A-660B6777E4EB}.Debug|Any CPU.ActiveCfg = Debug|Any CPU
		{0990CB29-3A56-44DE-A96A-660B6777E4EB}.Debug|Any CPU.Build.0 = Debug|Any CPU
		{0990CB29-3A56-44DE-A96A-660B6777E4EB}.Release|Any CPU.ActiveCfg = Release|Any CPU
		{0990CB29-3A56-44DE-A96A-660B6777E4EB}.Release|Any CPU.Build.0 = Release|Any CPU
		{424209DA-2E3E-41EA-A895-5728F4CA9EF4}.Debug|Any CPU.ActiveCfg = Debug|Any CPU
		{424209DA-2E3E-41EA-A895-5728F4CA9EF4}.Debug|Any CPU.Build.0 = Debug|Any CPU
		{424209DA-2E3E-41EA-A895-5728F4CA9EF4}.Release|Any CPU.ActiveCfg = Release|Any CPU
		{424209DA-2E3E-41EA-A895-5728F4CA9EF4}.Release|Any CPU.Build.0 = Release|Any CPU
		{68926882-2390-4D16-98E5-C04AAF52697F}.Debug|Any CPU.ActiveCfg = Debug|Any CPU
		{68926882-2390-4D16-98E5-C04AAF52697F}.Debug|Any CPU.Build.0 = Debug|Any CPU
		{68926882-2390-4D16-98E5-C04AAF52697F}.Release|Any CPU.ActiveCfg = Release|Any CPU
		{68926882-2390-4D16-98E5-C04AAF52697F}.Release|Any CPU.Build.0 = Release|Any CPU
		{DBA1E6FA-096E-4EC4-83AD-FA6ED1CE6EDF}.Debug|Any CPU.ActiveCfg = Debug|Any CPU
		{DBA1E6FA-096E-4EC4-83AD-FA6ED1CE6EDF}.Debug|Any CPU.Build.0 = Debug|Any CPU
		{DBA1E6FA-096E-4EC4-83AD-FA6ED1CE6EDF}.Release|Any CPU.ActiveCfg = Release|Any CPU
		{DBA1E6FA-096E-4EC4-83AD-FA6ED1CE6EDF}.Release|Any CPU.Build.0 = Release|Any CPU
		{A2FC7461-7388-44D4-A52D-B91AED7E8BFA}.Debug|Any CPU.ActiveCfg = Debug|Any CPU
		{A2FC7461-7388-44D4-A52D-B91AED7E8BFA}.Debug|Any CPU.Build.0 = Debug|Any CPU
		{A2FC7461-7388-44D4-A52D-B91AED7E8BFA}.Release|Any CPU.ActiveCfg = Release|Any CPU
		{A2FC7461-7388-44D4-A52D-B91AED7E8BFA}.Release|Any CPU.Build.0 = Release|Any CPU
		{9D26DACF-A5A5-4ADF-8B25-3EA63BD168B6}.Debug|Any CPU.ActiveCfg = Debug|Any CPU
		{9D26DACF-A5A5-4ADF-8B25-3EA63BD168B6}.Debug|Any CPU.Build.0 = Debug|Any CPU
		{9D26DACF-A5A5-4ADF-8B25-3EA63BD168B6}.Release|Any CPU.ActiveCfg = Release|Any CPU
		{9D26DACF-A5A5-4ADF-8B25-3EA63BD168B6}.Release|Any CPU.Build.0 = Release|Any CPU
		{29DD660E-1C5A-42CD-B094-C353C5BCE8AA}.Debug|Any CPU.ActiveCfg = Debug|Any CPU
		{29DD660E-1C5A-42CD-B094-C353C5BCE8AA}.Debug|Any CPU.Build.0 = Debug|Any CPU
		{29DD660E-1C5A-42CD-B094-C353C5BCE8AA}.Release|Any CPU.ActiveCfg = Release|Any CPU
		{29DD660E-1C5A-42CD-B094-C353C5BCE8AA}.Release|Any CPU.Build.0 = Release|Any CPU
		{DD014925-824C-4A15-854D-7823402B810F}.Debug|Any CPU.ActiveCfg = Debug|Any CPU
		{DD014925-824C-4A15-854D-7823402B810F}.Debug|Any CPU.Build.0 = Debug|Any CPU
		{DD014925-824C-4A15-854D-7823402B810F}.Release|Any CPU.ActiveCfg = Release|Any CPU
		{DD014925-824C-4A15-854D-7823402B810F}.Release|Any CPU.Build.0 = Release|Any CPU
		{496D9B8B-1DC0-4D17-99F8-EEFA4619F6D9}.Debug|Any CPU.ActiveCfg = Debug|Any CPU
		{496D9B8B-1DC0-4D17-99F8-EEFA4619F6D9}.Debug|Any CPU.Build.0 = Debug|Any CPU
		{496D9B8B-1DC0-4D17-99F8-EEFA4619F6D9}.Release|Any CPU.ActiveCfg = Release|Any CPU
		{496D9B8B-1DC0-4D17-99F8-EEFA4619F6D9}.Release|Any CPU.Build.0 = Release|Any CPU
		{D08352D8-0000-448C-AD8F-7ECA14F606A7}.Debug|Any CPU.ActiveCfg = Debug|Any CPU
		{D08352D8-0000-448C-AD8F-7ECA14F606A7}.Debug|Any CPU.Build.0 = Debug|Any CPU
		{D08352D8-0000-448C-AD8F-7ECA14F606A7}.Release|Any CPU.ActiveCfg = Release|Any CPU
		{D08352D8-0000-448C-AD8F-7ECA14F606A7}.Release|Any CPU.Build.0 = Release|Any CPU
		{370F54DB-217A-45BA-BE6E-C40596328803}.Debug|Any CPU.ActiveCfg = Debug|Any CPU
		{370F54DB-217A-45BA-BE6E-C40596328803}.Debug|Any CPU.Build.0 = Debug|Any CPU
		{370F54DB-217A-45BA-BE6E-C40596328803}.Release|Any CPU.ActiveCfg = Release|Any CPU
		{370F54DB-217A-45BA-BE6E-C40596328803}.Release|Any CPU.Build.0 = Release|Any CPU
		{058775B6-E4BF-49B0-89DD-CA05A5539241}.Debug|Any CPU.ActiveCfg = Debug|Any CPU
		{058775B6-E4BF-49B0-89DD-CA05A5539241}.Debug|Any CPU.Build.0 = Debug|Any CPU
		{058775B6-E4BF-49B0-89DD-CA05A5539241}.Release|Any CPU.ActiveCfg = Release|Any CPU
		{058775B6-E4BF-49B0-89DD-CA05A5539241}.Release|Any CPU.Build.0 = Release|Any CPU
		{11C412E2-F926-4BC0-8EC5-E569368502EC}.Debug|Any CPU.ActiveCfg = Debug|Any CPU
		{11C412E2-F926-4BC0-8EC5-E569368502EC}.Debug|Any CPU.Build.0 = Debug|Any CPU
		{11C412E2-F926-4BC0-8EC5-E569368502EC}.Release|Any CPU.ActiveCfg = Release|Any CPU
		{11C412E2-F926-4BC0-8EC5-E569368502EC}.Release|Any CPU.Build.0 = Release|Any CPU
		{8A4DAF95-70ED-4E51-9F5F-6405F4EC1811}.Debug|Any CPU.ActiveCfg = Debug|Any CPU
		{8A4DAF95-70ED-4E51-9F5F-6405F4EC1811}.Debug|Any CPU.Build.0 = Debug|Any CPU
		{8A4DAF95-70ED-4E51-9F5F-6405F4EC1811}.Release|Any CPU.ActiveCfg = Release|Any CPU
		{8A4DAF95-70ED-4E51-9F5F-6405F4EC1811}.Release|Any CPU.Build.0 = Release|Any CPU
		{32D7D707-FD52-40DF-ADD4-B2F01D959138}.Debug|Any CPU.ActiveCfg = Debug|Any CPU
		{32D7D707-FD52-40DF-ADD4-B2F01D959138}.Debug|Any CPU.Build.0 = Debug|Any CPU
		{32D7D707-FD52-40DF-ADD4-B2F01D959138}.Release|Any CPU.ActiveCfg = Release|Any CPU
		{32D7D707-FD52-40DF-ADD4-B2F01D959138}.Release|Any CPU.Build.0 = Release|Any CPU
		{A4B08C20-ABCC-4D93-A301-FD15725EF398}.Debug|Any CPU.ActiveCfg = Debug|Any CPU
		{A4B08C20-ABCC-4D93-A301-FD15725EF398}.Debug|Any CPU.Build.0 = Debug|Any CPU
		{A4B08C20-ABCC-4D93-A301-FD15725EF398}.Release|Any CPU.ActiveCfg = Release|Any CPU
		{A4B08C20-ABCC-4D93-A301-FD15725EF398}.Release|Any CPU.Build.0 = Release|Any CPU
		{92CBB8F4-3701-4306-8396-CE56474B5EC8}.Debug|Any CPU.ActiveCfg = Debug|Any CPU
		{92CBB8F4-3701-4306-8396-CE56474B5EC8}.Debug|Any CPU.Build.0 = Debug|Any CPU
		{92CBB8F4-3701-4306-8396-CE56474B5EC8}.Release|Any CPU.ActiveCfg = Release|Any CPU
		{92CBB8F4-3701-4306-8396-CE56474B5EC8}.Release|Any CPU.Build.0 = Release|Any CPU
		{F6D7D9C0-EEEE-467B-9D44-39FA29288651}.Debug|Any CPU.ActiveCfg = Debug|Any CPU
		{F6D7D9C0-EEEE-467B-9D44-39FA29288651}.Debug|Any CPU.Build.0 = Debug|Any CPU
		{F6D7D9C0-EEEE-467B-9D44-39FA29288651}.Release|Any CPU.ActiveCfg = Release|Any CPU
		{F6D7D9C0-EEEE-467B-9D44-39FA29288651}.Release|Any CPU.Build.0 = Release|Any CPU
		{15828B00-6EA2-4C36-95E0-73BE39260536}.Debug|Any CPU.ActiveCfg = Debug|Any CPU
		{15828B00-6EA2-4C36-95E0-73BE39260536}.Debug|Any CPU.Build.0 = Debug|Any CPU
		{15828B00-6EA2-4C36-95E0-73BE39260536}.Release|Any CPU.ActiveCfg = Release|Any CPU
		{15828B00-6EA2-4C36-95E0-73BE39260536}.Release|Any CPU.Build.0 = Release|Any CPU
		{5B8B520E-FF66-47D6-AD51-080058B9AED3}.Debug|Any CPU.ActiveCfg = Debug|Any CPU
		{5B8B520E-FF66-47D6-AD51-080058B9AED3}.Debug|Any CPU.Build.0 = Debug|Any CPU
		{5B8B520E-FF66-47D6-AD51-080058B9AED3}.Release|Any CPU.ActiveCfg = Release|Any CPU
		{5B8B520E-FF66-47D6-AD51-080058B9AED3}.Release|Any CPU.Build.0 = Release|Any CPU
		{710653B1-6593-4F2F-9285-34BC68DC099B}.Debug|Any CPU.ActiveCfg = Debug|Any CPU
		{710653B1-6593-4F2F-9285-34BC68DC099B}.Debug|Any CPU.Build.0 = Debug|Any CPU
		{710653B1-6593-4F2F-9285-34BC68DC099B}.Release|Any CPU.ActiveCfg = Release|Any CPU
		{710653B1-6593-4F2F-9285-34BC68DC099B}.Release|Any CPU.Build.0 = Release|Any CPU
		{AAADD70F-716F-4A3C-B09E-304E6B241C7B}.Debug|Any CPU.ActiveCfg = Debug|Any CPU
		{AAADD70F-716F-4A3C-B09E-304E6B241C7B}.Debug|Any CPU.Build.0 = Debug|Any CPU
		{AAADD70F-716F-4A3C-B09E-304E6B241C7B}.Release|Any CPU.ActiveCfg = Release|Any CPU
		{AAADD70F-716F-4A3C-B09E-304E6B241C7B}.Release|Any CPU.Build.0 = Release|Any CPU
		{E05DEC8B-3A24-4E96-8F75-A24D747EF7C8}.Debug|Any CPU.ActiveCfg = Debug|Any CPU
		{E05DEC8B-3A24-4E96-8F75-A24D747EF7C8}.Debug|Any CPU.Build.0 = Debug|Any CPU
		{E05DEC8B-3A24-4E96-8F75-A24D747EF7C8}.Release|Any CPU.ActiveCfg = Release|Any CPU
		{E05DEC8B-3A24-4E96-8F75-A24D747EF7C8}.Release|Any CPU.Build.0 = Release|Any CPU
		{A087DAC7-507A-402A-808A-C3206300EBCC}.Debug|Any CPU.ActiveCfg = Debug|Any CPU
		{A087DAC7-507A-402A-808A-C3206300EBCC}.Debug|Any CPU.Build.0 = Debug|Any CPU
		{A087DAC7-507A-402A-808A-C3206300EBCC}.Release|Any CPU.ActiveCfg = Release|Any CPU
		{A087DAC7-507A-402A-808A-C3206300EBCC}.Release|Any CPU.Build.0 = Release|Any CPU
		{8BD82495-669A-43B4-A06B-198E657A0E1F}.Debug|Any CPU.ActiveCfg = Debug|Any CPU
		{8BD82495-669A-43B4-A06B-198E657A0E1F}.Debug|Any CPU.Build.0 = Debug|Any CPU
		{8BD82495-669A-43B4-A06B-198E657A0E1F}.Release|Any CPU.ActiveCfg = Release|Any CPU
		{8BD82495-669A-43B4-A06B-198E657A0E1F}.Release|Any CPU.Build.0 = Release|Any CPU
		{80DC4B30-1DE1-4823-B962-E2AF02AC666A}.Debug|Any CPU.ActiveCfg = Debug|Any CPU
		{80DC4B30-1DE1-4823-B962-E2AF02AC666A}.Debug|Any CPU.Build.0 = Debug|Any CPU
		{80DC4B30-1DE1-4823-B962-E2AF02AC666A}.Release|Any CPU.ActiveCfg = Release|Any CPU
		{80DC4B30-1DE1-4823-B962-E2AF02AC666A}.Release|Any CPU.Build.0 = Release|Any CPU
		{6CEFF379-566D-4227-808D-7544D0B440FF}.Debug|Any CPU.ActiveCfg = Debug|Any CPU
		{6CEFF379-566D-4227-808D-7544D0B440FF}.Debug|Any CPU.Build.0 = Debug|Any CPU
		{6CEFF379-566D-4227-808D-7544D0B440FF}.Release|Any CPU.ActiveCfg = Release|Any CPU
		{6CEFF379-566D-4227-808D-7544D0B440FF}.Release|Any CPU.Build.0 = Release|Any CPU
		{DE7BB61D-98AD-4156-B891-B48DEF51296E}.Debug|Any CPU.ActiveCfg = Debug|Any CPU
		{DE7BB61D-98AD-4156-B891-B48DEF51296E}.Debug|Any CPU.Build.0 = Debug|Any CPU
		{DE7BB61D-98AD-4156-B891-B48DEF51296E}.Release|Any CPU.ActiveCfg = Release|Any CPU
		{DE7BB61D-98AD-4156-B891-B48DEF51296E}.Release|Any CPU.Build.0 = Release|Any CPU
		{5EADD85A-5C66-46DA-BBF3-D588D37B4718}.Debug|Any CPU.ActiveCfg = Debug|Any CPU
		{5EADD85A-5C66-46DA-BBF3-D588D37B4718}.Debug|Any CPU.Build.0 = Debug|Any CPU
		{5EADD85A-5C66-46DA-BBF3-D588D37B4718}.Release|Any CPU.ActiveCfg = Release|Any CPU
		{5EADD85A-5C66-46DA-BBF3-D588D37B4718}.Release|Any CPU.Build.0 = Release|Any CPU
		{50401687-BF9B-47C2-9988-2768108FD8FB}.Debug|Any CPU.ActiveCfg = Debug|Any CPU
		{50401687-BF9B-47C2-9988-2768108FD8FB}.Debug|Any CPU.Build.0 = Debug|Any CPU
		{50401687-BF9B-47C2-9988-2768108FD8FB}.Release|Any CPU.ActiveCfg = Release|Any CPU
		{50401687-BF9B-47C2-9988-2768108FD8FB}.Release|Any CPU.Build.0 = Release|Any CPU
		{AB264B56-F3A9-4C44-8A58-A4C7411FB643}.Debug|Any CPU.ActiveCfg = Debug|Any CPU
		{AB264B56-F3A9-4C44-8A58-A4C7411FB643}.Debug|Any CPU.Build.0 = Debug|Any CPU
		{AB264B56-F3A9-4C44-8A58-A4C7411FB643}.Release|Any CPU.ActiveCfg = Release|Any CPU
		{AB264B56-F3A9-4C44-8A58-A4C7411FB643}.Release|Any CPU.Build.0 = Release|Any CPU
		{51033AB1-4EFC-4BF5-BD7D-6738F0B3525C}.Debug|Any CPU.ActiveCfg = Debug|Any CPU
		{51033AB1-4EFC-4BF5-BD7D-6738F0B3525C}.Debug|Any CPU.Build.0 = Debug|Any CPU
		{51033AB1-4EFC-4BF5-BD7D-6738F0B3525C}.Release|Any CPU.ActiveCfg = Release|Any CPU
		{51033AB1-4EFC-4BF5-BD7D-6738F0B3525C}.Release|Any CPU.Build.0 = Release|Any CPU
		{E34278AD-5B36-4C17-8E1D-2D1E8ECDE258}.Debug|Any CPU.ActiveCfg = Debug|Any CPU
		{E34278AD-5B36-4C17-8E1D-2D1E8ECDE258}.Debug|Any CPU.Build.0 = Debug|Any CPU
		{E34278AD-5B36-4C17-8E1D-2D1E8ECDE258}.Release|Any CPU.ActiveCfg = Release|Any CPU
		{E34278AD-5B36-4C17-8E1D-2D1E8ECDE258}.Release|Any CPU.Build.0 = Release|Any CPU
		{D4BA3E63-4F99-491D-BE72-97E2C68F6404}.Debug|Any CPU.ActiveCfg = Debug|Any CPU
		{D4BA3E63-4F99-491D-BE72-97E2C68F6404}.Debug|Any CPU.Build.0 = Debug|Any CPU
		{D4BA3E63-4F99-491D-BE72-97E2C68F6404}.Release|Any CPU.ActiveCfg = Release|Any CPU
		{D4BA3E63-4F99-491D-BE72-97E2C68F6404}.Release|Any CPU.Build.0 = Release|Any CPU
		{779E38B5-4E38-4D8B-810D-867352CD3C00}.Debug|Any CPU.ActiveCfg = Debug|Any CPU
		{779E38B5-4E38-4D8B-810D-867352CD3C00}.Debug|Any CPU.Build.0 = Debug|Any CPU
		{779E38B5-4E38-4D8B-810D-867352CD3C00}.Release|Any CPU.ActiveCfg = Release|Any CPU
		{779E38B5-4E38-4D8B-810D-867352CD3C00}.Release|Any CPU.Build.0 = Release|Any CPU
		{B411B1FF-C10D-47D9-8DC7-7A0189E51E01}.Debug|Any CPU.ActiveCfg = Debug|Any CPU
		{B411B1FF-C10D-47D9-8DC7-7A0189E51E01}.Debug|Any CPU.Build.0 = Debug|Any CPU
		{B411B1FF-C10D-47D9-8DC7-7A0189E51E01}.Release|Any CPU.ActiveCfg = Release|Any CPU
		{B411B1FF-C10D-47D9-8DC7-7A0189E51E01}.Release|Any CPU.Build.0 = Release|Any CPU
		{B72E6655-D931-4F14-9E33-3E140E854327}.Debug|Any CPU.ActiveCfg = Debug|Any CPU
		{B72E6655-D931-4F14-9E33-3E140E854327}.Debug|Any CPU.Build.0 = Debug|Any CPU
		{B72E6655-D931-4F14-9E33-3E140E854327}.Release|Any CPU.ActiveCfg = Release|Any CPU
		{B72E6655-D931-4F14-9E33-3E140E854327}.Release|Any CPU.Build.0 = Release|Any CPU
		{940CF686-9D05-4D10-A303-8E70BC6648C9}.Debug|Any CPU.ActiveCfg = Debug|Any CPU
		{940CF686-9D05-4D10-A303-8E70BC6648C9}.Debug|Any CPU.Build.0 = Debug|Any CPU
		{940CF686-9D05-4D10-A303-8E70BC6648C9}.Release|Any CPU.ActiveCfg = Release|Any CPU
		{940CF686-9D05-4D10-A303-8E70BC6648C9}.Release|Any CPU.Build.0 = Release|Any CPU
	EndGlobalSection
	GlobalSection(SolutionProperties) = preSolution
		HideSolutionNode = FALSE
	EndGlobalSection
	GlobalSection(NestedProjects) = preSolution
		{058775B6-E4BF-49B0-89DD-CA05A5539241} = {2E8010CC-0A0A-4073-A72A-12084621BB7A}
		{11C412E2-F926-4BC0-8EC5-E569368502EC} = {12E493F3-D732-4A5E-A07F-0D497C5775DA}
		{8A4DAF95-70ED-4E51-9F5F-6405F4EC1811} = {12E493F3-D732-4A5E-A07F-0D497C5775DA}
		{32D7D707-FD52-40DF-ADD4-B2F01D959138} = {12E493F3-D732-4A5E-A07F-0D497C5775DA}
		{A4B08C20-ABCC-4D93-A301-FD15725EF398} = {12E493F3-D732-4A5E-A07F-0D497C5775DA}
		{92CBB8F4-3701-4306-8396-CE56474B5EC8} = {12E493F3-D732-4A5E-A07F-0D497C5775DA}
		{F6D7D9C0-EEEE-467B-9D44-39FA29288651} = {12E493F3-D732-4A5E-A07F-0D497C5775DA}
		{15828B00-6EA2-4C36-95E0-73BE39260536} = {1AC210A6-E4A0-4E4B-96F6-BFF684EAEA86}
		{5B8B520E-FF66-47D6-AD51-080058B9AED3} = {1AC210A6-E4A0-4E4B-96F6-BFF684EAEA86}
		{710653B1-6593-4F2F-9285-34BC68DC099B} = {1AC210A6-E4A0-4E4B-96F6-BFF684EAEA86}
		{AAADD70F-716F-4A3C-B09E-304E6B241C7B} = {9876B38C-117A-43DE-AD9B-04B6099AB1E0}
		{E05DEC8B-3A24-4E96-8F75-A24D747EF7C8} = {9876B38C-117A-43DE-AD9B-04B6099AB1E0}
		{A087DAC7-507A-402A-808A-C3206300EBCC} = {9876B38C-117A-43DE-AD9B-04B6099AB1E0}
		{8BD82495-669A-43B4-A06B-198E657A0E1F} = {9876B38C-117A-43DE-AD9B-04B6099AB1E0}
		{80DC4B30-1DE1-4823-B962-E2AF02AC666A} = {9876B38C-117A-43DE-AD9B-04B6099AB1E0}
		{6CEFF379-566D-4227-808D-7544D0B440FF} = {9876B38C-117A-43DE-AD9B-04B6099AB1E0}
		{DE7BB61D-98AD-4156-B891-B48DEF51296E} = {9876B38C-117A-43DE-AD9B-04B6099AB1E0}
		{50401687-BF9B-47C2-9988-2768108FD8FB} = {AEBB96AF-56E0-4635-97EB-8B9C35C78369}
		{AB264B56-F3A9-4C44-8A58-A4C7411FB643} = {AEBB96AF-56E0-4635-97EB-8B9C35C78369}
		{51033AB1-4EFC-4BF5-BD7D-6738F0B3525C} = {AEBB96AF-56E0-4635-97EB-8B9C35C78369}
		{E34278AD-5B36-4C17-8E1D-2D1E8ECDE258} = {AEBB96AF-56E0-4635-97EB-8B9C35C78369}
		{D4BA3E63-4F99-491D-BE72-97E2C68F6404} = {AEBB96AF-56E0-4635-97EB-8B9C35C78369}
		{779E38B5-4E38-4D8B-810D-867352CD3C00} = {AEBB96AF-56E0-4635-97EB-8B9C35C78369}
		{B411B1FF-C10D-47D9-8DC7-7A0189E51E01} = {AEBB96AF-56E0-4635-97EB-8B9C35C78369}
		{B72E6655-D931-4F14-9E33-3E140E854327} = {AEBB96AF-56E0-4635-97EB-8B9C35C78369}
		{940CF686-9D05-4D10-A303-8E70BC6648C9} = {AEBB96AF-56E0-4635-97EB-8B9C35C78369}
	EndGlobalSection
	GlobalSection(ExtensibilityGlobals) = postSolution
		SolutionGuid = {0ABA0BE3-446B-4C29-9B36-2360D909A745}
	EndGlobalSection
EndGlobal
