
Microsoft Visual Studio Solution File, Format Version 12.00
# Visual Studio Version 17
VisualStudioVersion = 17.9.34714.143
MinimumVisualStudioVersion = 10.0.40219.1
Project("{9A19103F-16F7-4668-BE54-9A1E7A4F7556}") = "TiposBasicos", "TiposBasicos\TiposBasicos.csproj", "{B830BC43-B14A-481E-A8AF-888247C45FB0}"
EndProject
Project("{9A19103F-16F7-4668-BE54-9A1E7A4F7556}") = "SaidaDeDados", "SaidaDeDados\SaidaDeDados.csproj", "{BDBF8820-9E63-4EC9-BE0C-9469376B2F1D}"
EndProject
Project("{9A19103F-16F7-4668-BE54-9A1E7A4F7556}") = "OperadoresAtribuicao", "OperadoresAtribuicao\OperadoresAtribuicao.csproj", "{C332FD2A-AAA1-41C7-BC44-CB844742C258}"
EndProject
Project("{9A19103F-16F7-4668-BE54-9A1E7A4F7556}") = "ConversaoImplicitaECasting", "ConversaoImplicitaECasting\ConversaoImplicitaECasting.csproj", "{BF704FB6-ED28-4A11-9875-7CC7CA14E53F}"
EndProject
Project("{9A19103F-16F7-4668-BE54-9A1E7A4F7556}") = "OperadoresAritmeticos", "OperadoresAritmeticos\OperadoresAritmeticos.csproj", "{9AB35BB9-7210-45EC-A83A-2F6C9A24C230}"
EndProject
Project("{9A19103F-16F7-4668-BE54-9A1E7A4F7556}") = "EntradaDeDados", "EntradaDeDados\EntradaDeDados.csproj", "{50498876-F774-413F-B269-5B4F60EC5A8A}"
EndProject
Project("{9A19103F-16F7-4668-BE54-9A1E7A4F7556}") = "Desafio_EntradaDeDados", "Desafio_EntradaDeDados\Desafio_EntradaDeDados.csproj", "{4D379D41-7D95-4952-B593-A3EBA1C6AC5C}"
EndProject
Project("{9A19103F-16F7-4668-BE54-9A1E7A4F7556}") = "OperadoresLogicos", "OperadoresLogicos\OperadoresLogicos.csproj", "{99819FDB-30A6-46D3-AEAA-BE37A6EC819C}"
EndProject
Project("{9A19103F-16F7-4668-BE54-9A1E7A4F7556}") = "EstruturaIfElse", "EstruturaIfElse\EstruturaIfElse.csproj", "{CA5C4D0E-A6D6-40F9-97E0-BFA9359EF904}"
EndProject
Project("{9A19103F-16F7-4668-BE54-9A1E7A4F7556}") = "Desafio_EstruturaIfElse", "Desafio_EstruturaIfElse\Desafio_EstruturaIfElse.csproj", "{CD0F861E-A7E9-4C85-A601-9DDF10E2284D}"
EndProject
Project("{9A19103F-16F7-4668-BE54-9A1E7A4F7556}") = "Funcoes", "Funcoes\Funcoes.csproj", "{08C3CDB7-4B68-4275-8C71-E73AE98130F7}"
EndProject
Project("{9A19103F-16F7-4668-BE54-9A1E7A4F7556}") = "EstruturaRepetitivaWhile", "EstruturaRepetitivaWhile\EstruturaRepetitivaWhile.csproj", "{6ABD3DC2-5BF3-43ED-8F7B-209EB25E0306}"
EndProject
Project("{9A19103F-16F7-4668-BE54-9A1E7A4F7556}") = "Desafio_EstruturaRepetitivaWhile", "Desafio_EstruturaRepetitivaWhile\Desafio_EstruturaRepetitivaWhile.csproj", "{A863F1B5-4FD0-4089-9475-A321FB4E2008}"
EndProject
Project("{9A19103F-16F7-4668-BE54-9A1E7A4F7556}") = "EstruturaRepetitivaFor", "EstruturaRepetitivaFor\EstruturaRepetitivaFor.csproj", "{BFF6CC3B-6ECD-4B2D-BA9C-FA27B6914EA1}"
EndProject
Project("{FAE04EC0-301F-11D3-BF4B-00C04F79EFBC}") = "POO_ClassesEAtributos", "POO_ClassesEAtributos\POO_ClassesEAtributos.csproj", "{1D9B0B45-9547-405B-B63E-E26816A2C6BE}"
EndProject
Global
	GlobalSection(SolutionConfigurationPlatforms) = preSolution
		Debug|Any CPU = Debug|Any CPU
		Release|Any CPU = Release|Any CPU
	EndGlobalSection
	GlobalSection(ProjectConfigurationPlatforms) = postSolution
		{B830BC43-B14A-481E-A8AF-888247C45FB0}.Debug|Any CPU.ActiveCfg = Debug|Any CPU
		{B830BC43-B14A-481E-A8AF-888247C45FB0}.Debug|Any CPU.Build.0 = Debug|Any CPU
		{B830BC43-B14A-481E-A8AF-888247C45FB0}.Release|Any CPU.ActiveCfg = Release|Any CPU
		{B830BC43-B14A-481E-A8AF-888247C45FB0}.Release|Any CPU.Build.0 = Release|Any CPU
		{BDBF8820-9E63-4EC9-BE0C-9469376B2F1D}.Debug|Any CPU.ActiveCfg = Debug|Any CPU
		{BDBF8820-9E63-4EC9-BE0C-9469376B2F1D}.Debug|Any CPU.Build.0 = Debug|Any CPU
		{BDBF8820-9E63-4EC9-BE0C-9469376B2F1D}.Release|Any CPU.ActiveCfg = Release|Any CPU
		{BDBF8820-9E63-4EC9-BE0C-9469376B2F1D}.Release|Any CPU.Build.0 = Release|Any CPU
		{C332FD2A-AAA1-41C7-BC44-CB844742C258}.Debug|Any CPU.ActiveCfg = Debug|Any CPU
		{C332FD2A-AAA1-41C7-BC44-CB844742C258}.Debug|Any CPU.Build.0 = Debug|Any CPU
		{C332FD2A-AAA1-41C7-BC44-CB844742C258}.Release|Any CPU.ActiveCfg = Release|Any CPU
		{C332FD2A-AAA1-41C7-BC44-CB844742C258}.Release|Any CPU.Build.0 = Release|Any CPU
		{BF704FB6-ED28-4A11-9875-7CC7CA14E53F}.Debug|Any CPU.ActiveCfg = Debug|Any CPU
		{BF704FB6-ED28-4A11-9875-7CC7CA14E53F}.Debug|Any CPU.Build.0 = Debug|Any CPU
		{BF704FB6-ED28-4A11-9875-7CC7CA14E53F}.Release|Any CPU.ActiveCfg = Release|Any CPU
		{BF704FB6-ED28-4A11-9875-7CC7CA14E53F}.Release|Any CPU.Build.0 = Release|Any CPU
		{9AB35BB9-7210-45EC-A83A-2F6C9A24C230}.Debug|Any CPU.ActiveCfg = Debug|Any CPU
		{9AB35BB9-7210-45EC-A83A-2F6C9A24C230}.Debug|Any CPU.Build.0 = Debug|Any CPU
		{9AB35BB9-7210-45EC-A83A-2F6C9A24C230}.Release|Any CPU.ActiveCfg = Release|Any CPU
		{9AB35BB9-7210-45EC-A83A-2F6C9A24C230}.Release|Any CPU.Build.0 = Release|Any CPU
		{50498876-F774-413F-B269-5B4F60EC5A8A}.Debug|Any CPU.ActiveCfg = Debug|Any CPU
		{50498876-F774-413F-B269-5B4F60EC5A8A}.Debug|Any CPU.Build.0 = Debug|Any CPU
		{50498876-F774-413F-B269-5B4F60EC5A8A}.Release|Any CPU.ActiveCfg = Release|Any CPU
		{50498876-F774-413F-B269-5B4F60EC5A8A}.Release|Any CPU.Build.0 = Release|Any CPU
		{4D379D41-7D95-4952-B593-A3EBA1C6AC5C}.Debug|Any CPU.ActiveCfg = Debug|Any CPU
		{4D379D41-7D95-4952-B593-A3EBA1C6AC5C}.Debug|Any CPU.Build.0 = Debug|Any CPU
		{4D379D41-7D95-4952-B593-A3EBA1C6AC5C}.Release|Any CPU.ActiveCfg = Release|Any CPU
		{4D379D41-7D95-4952-B593-A3EBA1C6AC5C}.Release|Any CPU.Build.0 = Release|Any CPU
		{99819FDB-30A6-46D3-AEAA-BE37A6EC819C}.Debug|Any CPU.ActiveCfg = Debug|Any CPU
		{99819FDB-30A6-46D3-AEAA-BE37A6EC819C}.Debug|Any CPU.Build.0 = Debug|Any CPU
		{99819FDB-30A6-46D3-AEAA-BE37A6EC819C}.Release|Any CPU.ActiveCfg = Release|Any CPU
		{99819FDB-30A6-46D3-AEAA-BE37A6EC819C}.Release|Any CPU.Build.0 = Release|Any CPU
		{CA5C4D0E-A6D6-40F9-97E0-BFA9359EF904}.Debug|Any CPU.ActiveCfg = Debug|Any CPU
		{CA5C4D0E-A6D6-40F9-97E0-BFA9359EF904}.Debug|Any CPU.Build.0 = Debug|Any CPU
		{CA5C4D0E-A6D6-40F9-97E0-BFA9359EF904}.Release|Any CPU.ActiveCfg = Release|Any CPU
		{CA5C4D0E-A6D6-40F9-97E0-BFA9359EF904}.Release|Any CPU.Build.0 = Release|Any CPU
		{CD0F861E-A7E9-4C85-A601-9DDF10E2284D}.Debug|Any CPU.ActiveCfg = Debug|Any CPU
		{CD0F861E-A7E9-4C85-A601-9DDF10E2284D}.Debug|Any CPU.Build.0 = Debug|Any CPU
		{CD0F861E-A7E9-4C85-A601-9DDF10E2284D}.Release|Any CPU.ActiveCfg = Release|Any CPU
		{CD0F861E-A7E9-4C85-A601-9DDF10E2284D}.Release|Any CPU.Build.0 = Release|Any CPU
		{08C3CDB7-4B68-4275-8C71-E73AE98130F7}.Debug|Any CPU.ActiveCfg = Debug|Any CPU
		{08C3CDB7-4B68-4275-8C71-E73AE98130F7}.Debug|Any CPU.Build.0 = Debug|Any CPU
		{08C3CDB7-4B68-4275-8C71-E73AE98130F7}.Release|Any CPU.ActiveCfg = Release|Any CPU
		{08C3CDB7-4B68-4275-8C71-E73AE98130F7}.Release|Any CPU.Build.0 = Release|Any CPU
		{6ABD3DC2-5BF3-43ED-8F7B-209EB25E0306}.Debug|Any CPU.ActiveCfg = Debug|Any CPU
		{6ABD3DC2-5BF3-43ED-8F7B-209EB25E0306}.Debug|Any CPU.Build.0 = Debug|Any CPU
		{6ABD3DC2-5BF3-43ED-8F7B-209EB25E0306}.Release|Any CPU.ActiveCfg = Release|Any CPU
		{6ABD3DC2-5BF3-43ED-8F7B-209EB25E0306}.Release|Any CPU.Build.0 = Release|Any CPU
		{A863F1B5-4FD0-4089-9475-A321FB4E2008}.Debug|Any CPU.ActiveCfg = Debug|Any CPU
		{A863F1B5-4FD0-4089-9475-A321FB4E2008}.Debug|Any CPU.Build.0 = Debug|Any CPU
		{A863F1B5-4FD0-4089-9475-A321FB4E2008}.Release|Any CPU.ActiveCfg = Release|Any CPU
		{A863F1B5-4FD0-4089-9475-A321FB4E2008}.Release|Any CPU.Build.0 = Release|Any CPU
		{BFF6CC3B-6ECD-4B2D-BA9C-FA27B6914EA1}.Debug|Any CPU.ActiveCfg = Debug|Any CPU
		{BFF6CC3B-6ECD-4B2D-BA9C-FA27B6914EA1}.Debug|Any CPU.Build.0 = Debug|Any CPU
		{BFF6CC3B-6ECD-4B2D-BA9C-FA27B6914EA1}.Release|Any CPU.ActiveCfg = Release|Any CPU
		{BFF6CC3B-6ECD-4B2D-BA9C-FA27B6914EA1}.Release|Any CPU.Build.0 = Release|Any CPU
		{1D9B0B45-9547-405B-B63E-E26816A2C6BE}.Debug|Any CPU.ActiveCfg = Debug|Any CPU
		{1D9B0B45-9547-405B-B63E-E26816A2C6BE}.Debug|Any CPU.Build.0 = Debug|Any CPU
		{1D9B0B45-9547-405B-B63E-E26816A2C6BE}.Release|Any CPU.ActiveCfg = Release|Any CPU
		{1D9B0B45-9547-405B-B63E-E26816A2C6BE}.Release|Any CPU.Build.0 = Release|Any CPU
	EndGlobalSection
	GlobalSection(SolutionProperties) = preSolution
		HideSolutionNode = FALSE
	EndGlobalSection
	GlobalSection(ExtensibilityGlobals) = postSolution
		SolutionGuid = {0ABA0BE3-446B-4C29-9B36-2360D909A745}
	EndGlobalSection
EndGlobal
